{
  "nodes": {
    "chatgpt-desktop": {
      "inputs": {
        "nixpkgs": [
          "nixpkgs"
        ]
      },
      "locked": {
        "lastModified": 1789745576,
        "narHash": "sha256-mnXe8lmdRgf9gd5UQXd3nd+SdX6hYAzzwKTt+hiDVTA=",
        "owner": "danielbodart",
        "repo": "chatgpt-desktop",
        "rev": "fab8b3494fbbce6dfb303c27b9ecbfbc4ed8dfbd",
        "type": "github"
      },
      "original": {
        "owner": "danielbodart",
        "repo": "chatgpt-desktop",
        "type": "github"
      }
    },
    "claude-desktop": {
      "inputs": {
        "nixpkgs": [
          "nixpkgs"
        ]
      },
      "locked": {
        "lastModified": 1789724860,
        "narHash": "sha256-R9jJFMhB2P9tRsY1JRtE77Y80TCmQbwQqTa5P09oNFc=",
        "owner": "danielbodart",
        "repo": "claude-desktop",
        "rev": "d4d383b9cd735875734397135a723ccf839eb361",
        "type": "github"
      },
      "original": {
        "owner": "danielbodart",
        "repo": "claude-desktop",
        "type": "github"
      }
    },
    "home-manager": {
      "inputs": {
        "nixpkgs": [
          "nixpkgs"
        ]
      },
      "locked": {
        "lastModified": 1789765459,
        "narHash": "sha256-voJJ5IZR4w2149u2Jm/j2zifeWROlpZQ+JzmCQwjgn8=",
        "owner": "nix-community",
        "repo": "home-manager",
        "rev": "17903129f47656fa4d07e78ad87f6592ff4f2527",
        "type": "github"
      },
      "original": {
        "owner": "nix-community",
        "repo": "home-manager",
        "type": "github"
      }
    },
    "nixpkgs": {
      "locked": {
        "lastModified": 1789785513,
        "narHash": "sha256-B44WL6h0XoLjJ41bUPJk0X5SDinLCII//6EcBLXKiJ0=",
        "owner": "NixOS",
        "repo": "nixpkgs",
        "rev": "20b1ddd1aa5ace70c9468305030aa4f9ef79671b",
        "type": "github"
      },
      "original": {
        "owner": "NixOS",
        "ref": "nixos-unstable",
        "repo": "nixpkgs",
        "type": "github"
      }
    },
    "root": {
      "inputs": {
        "chatgpt-desktop": "chatgpt-desktop",
        "claude-desktop": "claude-desktop",
        "home-manager": "home-manager",
        "nixpkgs": "nixpkgs"
      }
    }
  },
  "root": "root",
  "version": 7
}
